// !$*UTF8*$!
{
	archiveVersion = 1;
	classes = {
	};
	objectVersion = 50;
	objects = {

/* Begin PBXBuildFile section */
		B4860575A2DDFD0E3115A107 /* Pods_Brown_October.framework in Frameworks */ = {isa = PBXBuildFile; fileRef = EC51DF2B3EC6BE50D1383C16 /* Pods_Brown_October.framework */; };
		B503D1B0228022840008CE95 /* BoardUIView.swift in Sources */ = {isa = PBXBuildFile; fileRef = B503D1AF228022840008CE95 /* BoardUIView.swift */; };
		B508C5A22299C5B500CE00CB /* UIView+springy.swift in Sources */ = {isa = PBXBuildFile; fileRef = B508C5A12299C5B500CE00CB /* UIView+springy.swift */; };
		B508C5A4229A9C2200CE00CB /* GamePlayUITests.swift in Sources */ = {isa = PBXBuildFile; fileRef = B508C5A3229A9C2200CE00CB /* GamePlayUITests.swift */; };
		B508C5A6229AA10600CE00CB /* UIViewController+subcontroller.swift in Sources */ = {isa = PBXBuildFile; fileRef = B508C5A5229AA10600CE00CB /* UIViewController+subcontroller.swift */; };
		B508C5A8229C082E00CE00CB /* UIView+orientation.swift in Sources */ = {isa = PBXBuildFile; fileRef = B508C5A7229C082E00CE00CB /* UIView+orientation.swift */; };
		B50B78C622A45E2900B9FF44 /* BoardDecorator.swift in Sources */ = {isa = PBXBuildFile; fileRef = B50B78C522A45E2900B9FF44 /* BoardDecorator.swift */; };
		B50B78C822A45E5300B9FF44 /* UIColor+poops.swift in Sources */ = {isa = PBXBuildFile; fileRef = B50B78C722A45E5300B9FF44 /* UIColor+poops.swift */; };
		B50B9FF4229804D100C1F418 /* GameOverViewController.swift in Sources */ = {isa = PBXBuildFile; fileRef = B50B9FF3229804D100C1F418 /* GameOverViewController.swift */; };
		B50BA00822981E0A00C1F418 /* GameOverUITests.swift in Sources */ = {isa = PBXBuildFile; fileRef = B50BA00722981E0A00C1F418 /* GameOverUITests.swift */; };
		B50BA00E229970D700C1F418 /* GameSetupUIView.swift in Sources */ = {isa = PBXBuildFile; fileRef = B50BA00D229970D700C1F418 /* GameSetupUIView.swift */; };
		B50BA0142299745700C1F418 /* GameSetupUITests.swift in Sources */ = {isa = PBXBuildFile; fileRef = B50BA0132299745700C1F418 /* GameSetupUITests.swift */; };
		B50BA018229982CD00C1F418 /* XCTestCase+screenshot.swift in Sources */ = {isa = PBXBuildFile; fileRef = B50BA017229982CD00C1F418 /* XCTestCase+screenshot.swift */; };
		B515084C22958F9D0011F5D1 /* UserData.swift in Sources */ = {isa = PBXBuildFile; fileRef = B515084B22958F9D0011F5D1 /* UserData.swift */; };
		B51B6EA2228032E400CEBDDC /* PoopUIView.swift in Sources */ = {isa = PBXBuildFile; fileRef = B51B6EA1228032E400CEBDDC /* PoopUIView.swift */; };
		B51B6EA6228066A900CEBDDC /* ScoreUIView.swift in Sources */ = {isa = PBXBuildFile; fileRef = B51B6EA5228066A900CEBDDC /* ScoreUIView.swift */; };
		B51B6EA8228081FB00CEBDDC /* GridUIButton.swift in Sources */ = {isa = PBXBuildFile; fileRef = B51B6EA7228081FB00CEBDDC /* GridUIButton.swift */; };
		B51B6EAA22809DEE00CEBDDC /* ScoreUILabel.swift in Sources */ = {isa = PBXBuildFile; fileRef = B51B6EA922809DEE00CEBDDC /* ScoreUILabel.swift */; };
		B51B6EAD2280F39000CEBDDC /* String+whitespace.swift in Sources */ = {isa = PBXBuildFile; fileRef = B51B6EAC2280F39000CEBDDC /* String+whitespace.swift */; };
		B5291ED222689C6D002C49B0 /* BrownOctober.swift in Sources */ = {isa = PBXBuildFile; fileRef = B5291ED122689C6D002C49B0 /* BrownOctober.swift */; };
		B5291ED422689C98002C49B0 /* Tile.swift in Sources */ = {isa = PBXBuildFile; fileRef = B5291ED322689C98002C49B0 /* Tile.swift */; };
		B5291ED622689DC7002C49B0 /* Poop.swift in Sources */ = {isa = PBXBuildFile; fileRef = B5291ED522689DC7002C49B0 /* Poop.swift */; };
		B5291EDA226F3C88002C49B0 /* ComputerPlayer.swift in Sources */ = {isa = PBXBuildFile; fileRef = B5291ED9226F3C88002C49B0 /* ComputerPlayer.swift */; };
		B53399F022A1974F00E9E7D5 /* Coordinator.swift in Sources */ = {isa = PBXBuildFile; fileRef = B53399EF22A1974F00E9E7D5 /* Coordinator.swift */; };
		B53399F422A19A1800E9E7D5 /* AppCoordinator.swift in Sources */ = {isa = PBXBuildFile; fileRef = B53399F322A19A1800E9E7D5 /* AppCoordinator.swift */; };
		B53399F622A1BA6500E9E7D5 /* AppViewController.swift in Sources */ = {isa = PBXBuildFile; fileRef = B53399F522A1BA6500E9E7D5 /* AppViewController.swift */; };
		B534FD5722BF7F16000B125E /* BoardSetupViewController.swift in Sources */ = {isa = PBXBuildFile; fileRef = B534FD5622BF7F16000B125E /* BoardSetupViewController.swift */; };
		B534FD5922BF7FA5000B125E /* BoardSetupUIView.swift in Sources */ = {isa = PBXBuildFile; fileRef = B534FD5822BF7FA5000B125E /* BoardSetupUIView.swift */; };
		B534FD5B22BFA5C1000B125E /* SquareUIView.swift in Sources */ = {isa = PBXBuildFile; fileRef = B534FD5A22BFA5C1000B125E /* SquareUIView.swift */; };
		B534FD5E22C37684000B125E /* RotatableProtocol.swift in Sources */ = {isa = PBXBuildFile; fileRef = B534FD5D22C37684000B125E /* RotatableProtocol.swift */; };
		B534FD6022C376AE000B125E /* OffsetableProtocol.swift in Sources */ = {isa = PBXBuildFile; fileRef = B534FD5F22C376AE000B125E /* OffsetableProtocol.swift */; };
		B534FD6222C376F2000B125E /* PlayerTurnDelegate.swift in Sources */ = {isa = PBXBuildFile; fileRef = B534FD6122C376F2000B125E /* PlayerTurnDelegate.swift */; };
		B534FD6422C37716000B125E /* BoardViewProtocol.swift in Sources */ = {isa = PBXBuildFile; fileRef = B534FD6322C37716000B125E /* BoardViewProtocol.swift */; };
		B534FD6822C37B30000B125E /* ButtonProtocols.swift in Sources */ = {isa = PBXBuildFile; fileRef = B534FD6722C37B30000B125E /* ButtonProtocols.swift */; };
		B534FD6A22C37CE0000B125E /* GridButtonDelegate.swift in Sources */ = {isa = PBXBuildFile; fileRef = B534FD6922C37CE0000B125E /* GridButtonDelegate.swift */; };
		B534FD6C22C37CF3000B125E /* GridButtonDragDelegate.swift in Sources */ = {isa = PBXBuildFile; fileRef = B534FD6B22C37CF3000B125E /* GridButtonDragDelegate.swift */; };
		B534FD6E22C37D14000B125E /* GridViewProtocol.swift in Sources */ = {isa = PBXBuildFile; fileRef = B534FD6D22C37D14000B125E /* GridViewProtocol.swift */; };
		B534FD7022C37D74000B125E /* NewGameDelegate.swift in Sources */ = {isa = PBXBuildFile; fileRef = B534FD6F22C37D74000B125E /* NewGameDelegate.swift */; };
		B534FD7222C37D84000B125E /* SolveGameDelegate.swift in Sources */ = {isa = PBXBuildFile; fileRef = B534FD7122C37D84000B125E /* SolveGameDelegate.swift */; };
		B56EAC0C2309D2620049650A /* Dragger.swift in Sources */ = {isa = PBXBuildFile; fileRef = B56EAC0B2309D2620049650A /* Dragger.swift */; };
		B56EAC0E2309D2920049650A /* DragRecord.swift in Sources */ = {isa = PBXBuildFile; fileRef = B56EAC0D2309D2920049650A /* DragRecord.swift */; };
		B56EAC10230ABC920049650A /* GridUIButton+draggable.swift in Sources */ = {isa = PBXBuildFile; fileRef = B56EAC0F230ABC920049650A /* GridUIButton+draggable.swift */; };
		B56EAC12230AC46B0049650A /* GridUIButton+touchable.swift in Sources */ = {isa = PBXBuildFile; fileRef = B56EAC11230AC46B0049650A /* GridUIButton+touchable.swift */; };
		B56EAC14230AC4730049650A /* GridUIButton+valuable.swift in Sources */ = {isa = PBXBuildFile; fileRef = B56EAC13230AC4730049650A /* GridUIButton+valuable.swift */; };
		B56EAC16230ADB0B0049650A /* PlayerViewController+gridbutton.swift in Sources */ = {isa = PBXBuildFile; fileRef = B56EAC15230ADB0B0049650A /* PlayerViewController+gridbutton.swift */; };
		B56EAC18230ADB4C0049650A /* PlayerViewController+solvegame.swift in Sources */ = {isa = PBXBuildFile; fileRef = B56EAC17230ADB4C0049650A /* PlayerViewController+solvegame.swift */; };
		B56EAC1A230ADC0B0049650A /* BoardSetupViewController+gridbutton.swift in Sources */ = {isa = PBXBuildFile; fileRef = B56EAC19230ADC0B0049650A /* BoardSetupViewController+gridbutton.swift */; };
		B56EAC1C230ADC610049650A /* GameViewController+playerturn.swift in Sources */ = {isa = PBXBuildFile; fileRef = B56EAC1B230ADC610049650A /* GameViewController+playerturn.swift */; };
		B56EAC1E230ADC740049650A /* GameViewController+newgame.swift in Sources */ = {isa = PBXBuildFile; fileRef = B56EAC1D230ADC740049650A /* GameViewController+newgame.swift */; };
		B5994B04227726D4001999AE /* BoardTests.swift in Sources */ = {isa = PBXBuildFile; fileRef = B5994B03227726D4001999AE /* BoardTests.swift */; };
		B5994B0622777EB9001999AE /* GridUtilityTests.swift in Sources */ = {isa = PBXBuildFile; fileRef = B5994B0522777EB9001999AE /* GridUtilityTests.swift */; };
		B5A3B58A22AF9ECC00F445A6 /* Direction.swift in Sources */ = {isa = PBXBuildFile; fileRef = B5A3B58922AF9ECC00F445A6 /* Direction.swift */; };
		B5A3B58E22B123F400F445A6 /* OffsetPoop.swift in Sources */ = {isa = PBXBuildFile; fileRef = B5A3B58D22B123F400F445A6 /* OffsetPoop.swift */; };
		B5A3B59022B1241800F445A6 /* OffsetPoopTests.swift in Sources */ = {isa = PBXBuildFile; fileRef = B5A3B58F22B1241800F445A6 /* OffsetPoopTests.swift */; };
		B5A415002312C12A00B6438A /* GridUIButtonTest.swift in Sources */ = {isa = PBXBuildFile; fileRef = B5A414FF2312C12A00B6438A /* GridUIButtonTest.swift */; };
		B5AA7369225CC7C1008AAEA2 /* AppDelegate.swift in Sources */ = {isa = PBXBuildFile; fileRef = B5AA7368225CC7C1008AAEA2 /* AppDelegate.swift */; };
		B5AA7370225CC7C3008AAEA2 /* Assets.xcassets in Resources */ = {isa = PBXBuildFile; fileRef = B5AA736F225CC7C3008AAEA2 /* Assets.xcassets */; };
		B5AA7373225CC7C3008AAEA2 /* LaunchScreen.storyboard in Resources */ = {isa = PBXBuildFile; fileRef = B5AA7371225CC7C3008AAEA2 /* LaunchScreen.storyboard */; };
		B5AF4DC1228314E6008D8791 /* PlayerUIView.swift in Sources */ = {isa = PBXBuildFile; fileRef = B5AF4DC0228314E6008D8791 /* PlayerUIView.swift */; };
		B5AF4DC72285D338008D8791 /* PlayerViewController.swift in Sources */ = {isa = PBXBuildFile; fileRef = B5AF4DC62285D338008D8791 /* PlayerViewController.swift */; };
		B5B74CE9227DD82600E07826 /* GridUIStackView.swift in Sources */ = {isa = PBXBuildFile; fileRef = B5B74CE8227DD82600E07826 /* GridUIStackView.swift */; };
		B5B74CED227DDA6A00E07826 /* GameViewController.swift in Sources */ = {isa = PBXBuildFile; fileRef = B5B74CEC227DDA6A00E07826 /* GameViewController.swift */; };
		B5B8DC9F229440C100A9E74A /* GameSetupViewController.swift in Sources */ = {isa = PBXBuildFile; fileRef = B5B8DC9E229440C100A9E74A /* GameSetupViewController.swift */; };
		B5BC3F6222B4EF8A0044C03D /* ArrangedPoopTests.swift in Sources */ = {isa = PBXBuildFile; fileRef = B5BC3F6122B4EF8A0044C03D /* ArrangedPoopTests.swift */; };
		B5DE594F22B2613D009EE711 /* DirectionTests.swift in Sources */ = {isa = PBXBuildFile; fileRef = B5DE594E22B2613D009EE711 /* DirectionTests.swift */; };
		B5DE595122B28D74009EE711 /* GridTests.swift in Sources */ = {isa = PBXBuildFile; fileRef = B5DE595022B28D74009EE711 /* GridTests.swift */; };
		B5DE595722B3AFAA009EE711 /* ArrangedPoop.swift in Sources */ = {isa = PBXBuildFile; fileRef = B5DE595622B3AFAA009EE711 /* ArrangedPoop.swift */; };
		B5E853B02297F47500DFECC3 /* GameOverUIView.swift in Sources */ = {isa = PBXBuildFile; fileRef = B5E853AF2297F47500DFECC3 /* GameOverUIView.swift */; };
		B5E853B32297F90100DFECC3 /* UIView+constraints.swift in Sources */ = {isa = PBXBuildFile; fileRef = B5E853B22297F90100DFECC3 /* UIView+constraints.swift */; };
		B5E853BB2297FE8400DFECC3 /* GameOverViewControllerTests.swift in Sources */ = {isa = PBXBuildFile; fileRef = B5E853BA2297FE8400DFECC3 /* GameOverViewControllerTests.swift */; };
		B5F165A72271C15400789DC3 /* GridUtility.swift in Sources */ = {isa = PBXBuildFile; fileRef = B5F165A62271C15400789DC3 /* GridUtility.swift */; };
		B5F165B72274AEF300789DC3 /* ComputerPlayerTests.swift in Sources */ = {isa = PBXBuildFile; fileRef = B5F165B62274AEF300789DC3 /* ComputerPlayerTests.swift */; };
/* End PBXBuildFile section */

/* Begin PBXContainerItemProxy section */
		B50BA00222981DD000C1F418 /* PBXContainerItemProxy */ = {
			isa = PBXContainerItemProxy;
			containerPortal = B5AA735D225CC7C1008AAEA2 /* Project object */;
			proxyType = 1;
			remoteGlobalIDString = B5AA7364225CC7C1008AAEA2;
			remoteInfo = "Brown October";
		};
		B5A3B58722AF87C700F445A6 /* PBXContainerItemProxy */ = {
			isa = PBXContainerItemProxy;
			containerPortal = B5AA735D225CC7C1008AAEA2 /* Project object */;
			proxyType = 1;
			remoteGlobalIDString = B5AA7364225CC7C1008AAEA2;
			remoteInfo = "Brown October";
		};
/* End PBXContainerItemProxy section */

/* Begin PBXFileReference section */
		5257149BE4B67BEFE937C81A /* Pods-Brown October.debug.xcconfig */ = {isa = PBXFileReference; includeInIndex = 1; lastKnownFileType = text.xcconfig; name = "Pods-Brown October.debug.xcconfig"; path = "Target Support Files/Pods-Brown October/Pods-Brown October.debug.xcconfig"; sourceTree = "<group>"; };
		B503D1AF228022840008CE95 /* BoardUIView.swift */ = {isa = PBXFileReference; lastKnownFileType = sourcecode.swift; path = BoardUIView.swift; sourceTree = "<group>"; };
		B508C5A12299C5B500CE00CB /* UIView+springy.swift */ = {isa = PBXFileReference; lastKnownFileType = sourcecode.swift; path = "UIView+springy.swift"; sourceTree = "<group>"; };
		B508C5A3229A9C2200CE00CB /* GamePlayUITests.swift */ = {isa = PBXFileReference; lastKnownFileType = sourcecode.swift; path = GamePlayUITests.swift; sourceTree = "<group>"; };
		B508C5A5229AA10600CE00CB /* UIViewController+subcontroller.swift */ = {isa = PBXFileReference; lastKnownFileType = sourcecode.swift; path = "UIViewController+subcontroller.swift"; sourceTree = "<group>"; };
		B508C5A7229C082E00CE00CB /* UIView+orientation.swift */ = {isa = PBXFileReference; lastKnownFileType = sourcecode.swift; path = "UIView+orientation.swift"; sourceTree = "<group>"; };
		B50B78C522A45E2900B9FF44 /* BoardDecorator.swift */ = {isa = PBXFileReference; lastKnownFileType = sourcecode.swift; path = BoardDecorator.swift; sourceTree = "<group>"; };
		B50B78C722A45E5300B9FF44 /* UIColor+poops.swift */ = {isa = PBXFileReference; lastKnownFileType = sourcecode.swift; path = "UIColor+poops.swift"; sourceTree = "<group>"; };
		B50B9FF3229804D100C1F418 /* GameOverViewController.swift */ = {isa = PBXFileReference; lastKnownFileType = sourcecode.swift; path = GameOverViewController.swift; sourceTree = "<group>"; };
		B50B9FFD22981DD000C1F418 /* Brown OctoberUITests.xctest */ = {isa = PBXFileReference; explicitFileType = wrapper.cfbundle; includeInIndex = 0; path = "Brown OctoberUITests.xctest"; sourceTree = BUILT_PRODUCTS_DIR; };
		B50BA00122981DD000C1F418 /* Info.plist */ = {isa = PBXFileReference; lastKnownFileType = text.plist.xml; path = Info.plist; sourceTree = "<group>"; };
		B50BA00722981E0A00C1F418 /* GameOverUITests.swift */ = {isa = PBXFileReference; lastKnownFileType = sourcecode.swift; path = GameOverUITests.swift; sourceTree = "<group>"; };
		B50BA00D229970D700C1F418 /* GameSetupUIView.swift */ = {isa = PBXFileReference; lastKnownFileType = sourcecode.swift; path = GameSetupUIView.swift; sourceTree = "<group>"; };
		B50BA0132299745700C1F418 /* GameSetupUITests.swift */ = {isa = PBXFileReference; lastKnownFileType = sourcecode.swift; path = GameSetupUITests.swift; sourceTree = "<group>"; };
		B50BA017229982CD00C1F418 /* XCTestCase+screenshot.swift */ = {isa = PBXFileReference; lastKnownFileType = sourcecode.swift; path = "XCTestCase+screenshot.swift"; sourceTree = "<group>"; };
		B515084B22958F9D0011F5D1 /* UserData.swift */ = {isa = PBXFileReference; lastKnownFileType = sourcecode.swift; path = UserData.swift; sourceTree = "<group>"; };
		B51B6EA1228032E400CEBDDC /* PoopUIView.swift */ = {isa = PBXFileReference; lastKnownFileType = sourcecode.swift; path = PoopUIView.swift; sourceTree = "<group>"; };
		B51B6EA5228066A900CEBDDC /* ScoreUIView.swift */ = {isa = PBXFileReference; lastKnownFileType = sourcecode.swift; path = ScoreUIView.swift; sourceTree = "<group>"; };
		B51B6EA7228081FB00CEBDDC /* GridUIButton.swift */ = {isa = PBXFileReference; lastKnownFileType = sourcecode.swift; path = GridUIButton.swift; sourceTree = "<group>"; };
		B51B6EA922809DEE00CEBDDC /* ScoreUILabel.swift */ = {isa = PBXFileReference; lastKnownFileType = sourcecode.swift; path = ScoreUILabel.swift; sourceTree = "<group>"; };
		B51B6EAC2280F39000CEBDDC /* String+whitespace.swift */ = {isa = PBXFileReference; lastKnownFileType = sourcecode.swift; path = "String+whitespace.swift"; sourceTree = "<group>"; };
		B5291ED122689C6D002C49B0 /* BrownOctober.swift */ = {isa = PBXFileReference; lastKnownFileType = sourcecode.swift; path = BrownOctober.swift; sourceTree = "<group>"; };
		B5291ED322689C98002C49B0 /* Tile.swift */ = {isa = PBXFileReference; lastKnownFileType = sourcecode.swift; path = Tile.swift; sourceTree = "<group>"; };
		B5291ED522689DC7002C49B0 /* Poop.swift */ = {isa = PBXFileReference; lastKnownFileType = sourcecode.swift; path = Poop.swift; sourceTree = "<group>"; };
		B5291ED9226F3C88002C49B0 /* ComputerPlayer.swift */ = {isa = PBXFileReference; lastKnownFileType = sourcecode.swift; path = ComputerPlayer.swift; sourceTree = "<group>"; };
		B53399EF22A1974F00E9E7D5 /* Coordinator.swift */ = {isa = PBXFileReference; lastKnownFileType = sourcecode.swift; path = Coordinator.swift; sourceTree = "<group>"; };
		B53399F322A19A1800E9E7D5 /* AppCoordinator.swift */ = {isa = PBXFileReference; lastKnownFileType = sourcecode.swift; path = AppCoordinator.swift; sourceTree = "<group>"; };
		B53399F522A1BA6500E9E7D5 /* AppViewController.swift */ = {isa = PBXFileReference; lastKnownFileType = sourcecode.swift; path = AppViewController.swift; sourceTree = "<group>"; };
		B534FD5622BF7F16000B125E /* BoardSetupViewController.swift */ = {isa = PBXFileReference; lastKnownFileType = sourcecode.swift; path = BoardSetupViewController.swift; sourceTree = "<group>"; };
		B534FD5822BF7FA5000B125E /* BoardSetupUIView.swift */ = {isa = PBXFileReference; lastKnownFileType = sourcecode.swift; path = BoardSetupUIView.swift; sourceTree = "<group>"; };
		B534FD5A22BFA5C1000B125E /* SquareUIView.swift */ = {isa = PBXFileReference; lastKnownFileType = sourcecode.swift; path = SquareUIView.swift; sourceTree = "<group>"; };
		B534FD5D22C37684000B125E /* RotatableProtocol.swift */ = {isa = PBXFileReference; lastKnownFileType = sourcecode.swift; path = RotatableProtocol.swift; sourceTree = "<group>"; };
		B534FD5F22C376AE000B125E /* OffsetableProtocol.swift */ = {isa = PBXFileReference; lastKnownFileType = sourcecode.swift; path = OffsetableProtocol.swift; sourceTree = "<group>"; };
		B534FD6122C376F2000B125E /* PlayerTurnDelegate.swift */ = {isa = PBXFileReference; lastKnownFileType = sourcecode.swift; path = PlayerTurnDelegate.swift; sourceTree = "<group>"; };
		B534FD6322C37716000B125E /* BoardViewProtocol.swift */ = {isa = PBXFileReference; lastKnownFileType = sourcecode.swift; path = BoardViewProtocol.swift; sourceTree = "<group>"; };
		B534FD6722C37B30000B125E /* ButtonProtocols.swift */ = {isa = PBXFileReference; lastKnownFileType = sourcecode.swift; path = ButtonProtocols.swift; sourceTree = "<group>"; };
		B534FD6922C37CE0000B125E /* GridButtonDelegate.swift */ = {isa = PBXFileReference; lastKnownFileType = sourcecode.swift; path = GridButtonDelegate.swift; sourceTree = "<group>"; };
		B534FD6B22C37CF3000B125E /* GridButtonDragDelegate.swift */ = {isa = PBXFileReference; lastKnownFileType = sourcecode.swift; path = GridButtonDragDelegate.swift; sourceTree = "<group>"; };
		B534FD6D22C37D14000B125E /* GridViewProtocol.swift */ = {isa = PBXFileReference; lastKnownFileType = sourcecode.swift; path = GridViewProtocol.swift; sourceTree = "<group>"; };
		B534FD6F22C37D74000B125E /* NewGameDelegate.swift */ = {isa = PBXFileReference; lastKnownFileType = sourcecode.swift; path = NewGameDelegate.swift; sourceTree = "<group>"; };
		B534FD7122C37D84000B125E /* SolveGameDelegate.swift */ = {isa = PBXFileReference; lastKnownFileType = sourcecode.swift; path = SolveGameDelegate.swift; sourceTree = "<group>"; };
		B56EAC0B2309D2620049650A /* Dragger.swift */ = {isa = PBXFileReference; lastKnownFileType = sourcecode.swift; path = Dragger.swift; sourceTree = "<group>"; };
		B56EAC0D2309D2920049650A /* DragRecord.swift */ = {isa = PBXFileReference; lastKnownFileType = sourcecode.swift; path = DragRecord.swift; sourceTree = "<group>"; };
		B56EAC0F230ABC920049650A /* GridUIButton+draggable.swift */ = {isa = PBXFileReference; lastKnownFileType = sourcecode.swift; path = "GridUIButton+draggable.swift"; sourceTree = "<group>"; };
		B56EAC11230AC46B0049650A /* GridUIButton+touchable.swift */ = {isa = PBXFileReference; lastKnownFileType = sourcecode.swift; path = "GridUIButton+touchable.swift"; sourceTree = "<group>"; };
		B56EAC13230AC4730049650A /* GridUIButton+valuable.swift */ = {isa = PBXFileReference; lastKnownFileType = sourcecode.swift; path = "GridUIButton+valuable.swift"; sourceTree = "<group>"; };
		B56EAC15230ADB0B0049650A /* PlayerViewController+gridbutton.swift */ = {isa = PBXFileReference; lastKnownFileType = sourcecode.swift; path = "PlayerViewController+gridbutton.swift"; sourceTree = "<group>"; };
		B56EAC17230ADB4C0049650A /* PlayerViewController+solvegame.swift */ = {isa = PBXFileReference; lastKnownFileType = sourcecode.swift; path = "PlayerViewController+solvegame.swift"; sourceTree = "<group>"; };
		B56EAC19230ADC0B0049650A /* BoardSetupViewController+gridbutton.swift */ = {isa = PBXFileReference; lastKnownFileType = sourcecode.swift; path = "BoardSetupViewController+gridbutton.swift"; sourceTree = "<group>"; };
		B56EAC1B230ADC610049650A /* GameViewController+playerturn.swift */ = {isa = PBXFileReference; lastKnownFileType = sourcecode.swift; path = "GameViewController+playerturn.swift"; sourceTree = "<group>"; };
		B56EAC1D230ADC740049650A /* GameViewController+newgame.swift */ = {isa = PBXFileReference; lastKnownFileType = sourcecode.swift; path = "GameViewController+newgame.swift"; sourceTree = "<group>"; };
		B5994B03227726D4001999AE /* BoardTests.swift */ = {isa = PBXFileReference; lastKnownFileType = sourcecode.swift; path = BoardTests.swift; sourceTree = "<group>"; };
		B5994B0522777EB9001999AE /* GridUtilityTests.swift */ = {isa = PBXFileReference; lastKnownFileType = sourcecode.swift; path = GridUtilityTests.swift; sourceTree = "<group>"; };
		B5A3B58922AF9ECC00F445A6 /* Direction.swift */ = {isa = PBXFileReference; lastKnownFileType = sourcecode.swift; path = Direction.swift; sourceTree = "<group>"; };
		B5A3B58D22B123F400F445A6 /* OffsetPoop.swift */ = {isa = PBXFileReference; lastKnownFileType = sourcecode.swift; path = OffsetPoop.swift; sourceTree = "<group>"; };
		B5A3B58F22B1241800F445A6 /* OffsetPoopTests.swift */ = {isa = PBXFileReference; lastKnownFileType = sourcecode.swift; path = OffsetPoopTests.swift; sourceTree = "<group>"; };
		B5A414FF2312C12A00B6438A /* GridUIButtonTest.swift */ = {isa = PBXFileReference; lastKnownFileType = sourcecode.swift; path = GridUIButtonTest.swift; sourceTree = "<group>"; };
		B5AA7365225CC7C1008AAEA2 /* Brown October.app */ = {isa = PBXFileReference; explicitFileType = wrapper.application; includeInIndex = 0; path = "Brown October.app"; sourceTree = BUILT_PRODUCTS_DIR; };
		B5AA7368225CC7C1008AAEA2 /* AppDelegate.swift */ = {isa = PBXFileReference; lastKnownFileType = sourcecode.swift; path = AppDelegate.swift; sourceTree = "<group>"; };
		B5AA736F225CC7C3008AAEA2 /* Assets.xcassets */ = {isa = PBXFileReference; lastKnownFileType = folder.assetcatalog; path = Assets.xcassets; sourceTree = "<group>"; };
		B5AA7372225CC7C3008AAEA2 /* Base */ = {isa = PBXFileReference; lastKnownFileType = file.storyboard; name = Base; path = Base.lproj/LaunchScreen.storyboard; sourceTree = "<group>"; };
		B5AA7374225CC7C3008AAEA2 /* Info.plist */ = {isa = PBXFileReference; lastKnownFileType = text.plist.xml; path = Info.plist; sourceTree = "<group>"; };
		B5AF4DC0228314E6008D8791 /* PlayerUIView.swift */ = {isa = PBXFileReference; fileEncoding = 4; lastKnownFileType = sourcecode.swift; path = PlayerUIView.swift; sourceTree = "<group>"; };
		B5AF4DC62285D338008D8791 /* PlayerViewController.swift */ = {isa = PBXFileReference; lastKnownFileType = sourcecode.swift; path = PlayerViewController.swift; sourceTree = "<group>"; };
		B5B74CE8227DD82600E07826 /* GridUIStackView.swift */ = {isa = PBXFileReference; lastKnownFileType = sourcecode.swift; path = GridUIStackView.swift; sourceTree = "<group>"; };
		B5B74CEC227DDA6A00E07826 /* GameViewController.swift */ = {isa = PBXFileReference; lastKnownFileType = sourcecode.swift; path = GameViewController.swift; sourceTree = "<group>"; };
		B5B8DC9E229440C100A9E74A /* GameSetupViewController.swift */ = {isa = PBXFileReference; lastKnownFileType = sourcecode.swift; path = GameSetupViewController.swift; sourceTree = "<group>"; };
		B5BC3F6122B4EF8A0044C03D /* ArrangedPoopTests.swift */ = {isa = PBXFileReference; lastKnownFileType = sourcecode.swift; path = ArrangedPoopTests.swift; sourceTree = "<group>"; };
		B5DE594E22B2613D009EE711 /* DirectionTests.swift */ = {isa = PBXFileReference; lastKnownFileType = sourcecode.swift; path = DirectionTests.swift; sourceTree = "<group>"; };
		B5DE595022B28D74009EE711 /* GridTests.swift */ = {isa = PBXFileReference; lastKnownFileType = sourcecode.swift; path = GridTests.swift; sourceTree = "<group>"; };
		B5DE595622B3AFAA009EE711 /* ArrangedPoop.swift */ = {isa = PBXFileReference; lastKnownFileType = sourcecode.swift; path = ArrangedPoop.swift; sourceTree = "<group>"; };
		B5E853AF2297F47500DFECC3 /* GameOverUIView.swift */ = {isa = PBXFileReference; lastKnownFileType = sourcecode.swift; path = GameOverUIView.swift; sourceTree = "<group>"; };
		B5E853B22297F90100DFECC3 /* UIView+constraints.swift */ = {isa = PBXFileReference; lastKnownFileType = sourcecode.swift; path = "UIView+constraints.swift"; sourceTree = "<group>"; };
		B5E853BA2297FE8400DFECC3 /* GameOverViewControllerTests.swift */ = {isa = PBXFileReference; lastKnownFileType = sourcecode.swift; path = GameOverViewControllerTests.swift; sourceTree = "<group>"; };
		B5F165A62271C15400789DC3 /* GridUtility.swift */ = {isa = PBXFileReference; lastKnownFileType = sourcecode.swift; path = GridUtility.swift; sourceTree = "<group>"; };
		B5F165AC2274AE3E00789DC3 /* Brown October Tests.xctest */ = {isa = PBXFileReference; explicitFileType = wrapper.cfbundle; includeInIndex = 0; path = "Brown October Tests.xctest"; sourceTree = BUILT_PRODUCTS_DIR; };
		B5F165B02274AE3E00789DC3 /* Info.plist */ = {isa = PBXFileReference; lastKnownFileType = text.plist.xml; path = Info.plist; sourceTree = "<group>"; };
		B5F165B62274AEF300789DC3 /* ComputerPlayerTests.swift */ = {isa = PBXFileReference; lastKnownFileType = sourcecode.swift; path = ComputerPlayerTests.swift; sourceTree = "<group>"; };
		C690758C61B60C1B0564E24E /* Pods-Brown October.release.xcconfig */ = {isa = PBXFileReference; includeInIndex = 1; lastKnownFileType = text.xcconfig; name = "Pods-Brown October.release.xcconfig"; path = "Target Support Files/Pods-Brown October/Pods-Brown October.release.xcconfig"; sourceTree = "<group>"; };
		EC51DF2B3EC6BE50D1383C16 /* Pods_Brown_October.framework */ = {isa = PBXFileReference; explicitFileType = wrapper.framework; includeInIndex = 0; path = Pods_Brown_October.framework; sourceTree = BUILT_PRODUCTS_DIR; };
/* End PBXFileReference section */

/* Begin PBXFrameworksBuildPhase section */
		B50B9FFA22981DD000C1F418 /* Frameworks */ = {
			isa = PBXFrameworksBuildPhase;
			buildActionMask = 2147483647;
			files = (
			);
			runOnlyForDeploymentPostprocessing = 0;
		};
		B5AA7362225CC7C1008AAEA2 /* Frameworks */ = {
			isa = PBXFrameworksBuildPhase;
			buildActionMask = 2147483647;
			files = (
				B4860575A2DDFD0E3115A107 /* Pods_Brown_October.framework in Frameworks */,
			);
			runOnlyForDeploymentPostprocessing = 0;
		};
		B5F165A92274AE3E00789DC3 /* Frameworks */ = {
			isa = PBXFrameworksBuildPhase;
			buildActionMask = 2147483647;
			files = (
			);
			runOnlyForDeploymentPostprocessing = 0;
		};
/* End PBXFrameworksBuildPhase section */

/* Begin PBXGroup section */
		2E949B737247FE0B93D55CB0 /* Frameworks */ = {
			isa = PBXGroup;
			children = (
				EC51DF2B3EC6BE50D1383C16 /* Pods_Brown_October.framework */,
			);
			name = Frameworks;
			sourceTree = "<group>";
		};
		7733E3EE8B8A338547497B1C /* Pods */ = {
			isa = PBXGroup;
			children = (
				5257149BE4B67BEFE937C81A /* Pods-Brown October.debug.xcconfig */,
				C690758C61B60C1B0564E24E /* Pods-Brown October.release.xcconfig */,
			);
			path = Pods;
			sourceTree = "<group>";
		};
		B50B9FFE22981DD000C1F418 /* Brown OctoberUITests */ = {
			isa = PBXGroup;
			children = (
				B50BA00122981DD000C1F418 /* Info.plist */,
				B50BA0132299745700C1F418 /* GameSetupUITests.swift */,
				B508C5A3229A9C2200CE00CB /* GamePlayUITests.swift */,
				B50BA00722981E0A00C1F418 /* GameOverUITests.swift */,
				B50BA017229982CD00C1F418 /* XCTestCase+screenshot.swift */,
			);
			path = "Brown OctoberUITests";
			sourceTree = "<group>";
		};
		B51B6EAB2280F37C00CEBDDC /* Utilities */ = {
			isa = PBXGroup;
			children = (
				B5F165A62271C15400789DC3 /* GridUtility.swift */,
				B515084B22958F9D0011F5D1 /* UserData.swift */,
			);
			path = Utilities;
			sourceTree = "<group>";
		};
		B53399EE22A1970500E9E7D5 /* Routing */ = {
			isa = PBXGroup;
			children = (
				B53399F322A19A1800E9E7D5 /* AppCoordinator.swift */,
				B53399F522A1BA6500E9E7D5 /* AppViewController.swift */,
				B53399EF22A1974F00E9E7D5 /* Coordinator.swift */,
			);
			path = Routing;
			sourceTree = "<group>";
		};
		B534FD5C22C37620000B125E /* Protocols */ = {
			isa = PBXGroup;
			children = (
				B534FD6322C37716000B125E /* BoardViewProtocol.swift */,
				B534FD6722C37B30000B125E /* ButtonProtocols.swift */,
				B534FD6922C37CE0000B125E /* GridButtonDelegate.swift */,
				B534FD6B22C37CF3000B125E /* GridButtonDragDelegate.swift */,
				B534FD6D22C37D14000B125E /* GridViewProtocol.swift */,
				B534FD6F22C37D74000B125E /* NewGameDelegate.swift */,
				B534FD5F22C376AE000B125E /* OffsetableProtocol.swift */,
				B534FD6122C376F2000B125E /* PlayerTurnDelegate.swift */,
				B534FD5D22C37684000B125E /* RotatableProtocol.swift */,
				B534FD7122C37D84000B125E /* SolveGameDelegate.swift */,
			);
			path = Protocols;
			sourceTree = "<group>";
		};
		B5AA735C225CC7C1008AAEA2 = {
			isa = PBXGroup;
			children = (
				B5AA7367225CC7C1008AAEA2 /* Brown October */,
				B5F165AD2274AE3E00789DC3 /* Brown October Tests */,
				B50B9FFE22981DD000C1F418 /* Brown OctoberUITests */,
				B5AA7366225CC7C1008AAEA2 /* Products */,
				7733E3EE8B8A338547497B1C /* Pods */,
				2E949B737247FE0B93D55CB0 /* Frameworks */,
			);
			sourceTree = "<group>";
		};
		B5AA7366225CC7C1008AAEA2 /* Products */ = {
			isa = PBXGroup;
			children = (
				B5AA7365225CC7C1008AAEA2 /* Brown October.app */,
				B5F165AC2274AE3E00789DC3 /* Brown October Tests.xctest */,
				B50B9FFD22981DD000C1F418 /* Brown OctoberUITests.xctest */,
			);
			name = Products;
			sourceTree = "<group>";
		};
		B5AA7367225CC7C1008AAEA2 /* Brown October */ = {
			isa = PBXGroup;
			children = (
				B53399EE22A1970500E9E7D5 /* Routing */,
				B5F64242229DD45500734B5E /* GameLogic */,
				B5F64243229DD5FC00734B5E /* GameSetup */,
				B5F64244229DD60700734B5E /* GamePlay */,
				B5F64245229DD63300734B5E /* GameOver */,
				B5F64246229DD67200734B5E /* Shared */,
				B534FD5C22C37620000B125E /* Protocols */,
				B5E853B12297F8BA00DFECC3 /* Extensions */,
				B51B6EAB2280F37C00CEBDDC /* Utilities */,
				B5AA737A225CC843008AAEA2 /* Supporting Files */,
				B5AA7374225CC7C3008AAEA2 /* Info.plist */,
			);
			path = "Brown October";
			sourceTree = "<group>";
		};
		B5AA737A225CC843008AAEA2 /* Supporting Files */ = {
			isa = PBXGroup;
			children = (
				B5AA7368225CC7C1008AAEA2 /* AppDelegate.swift */,
				B5AA736F225CC7C3008AAEA2 /* Assets.xcassets */,
				B5AA7371225CC7C3008AAEA2 /* LaunchScreen.storyboard */,
			);
			path = "Supporting Files";
			sourceTree = "<group>";
		};
		B5E853B12297F8BA00DFECC3 /* Extensions */ = {
			isa = PBXGroup;
			children = (
				B51B6EAC2280F39000CEBDDC /* String+whitespace.swift */,
				B50B78C722A45E5300B9FF44 /* UIColor+poops.swift */,
				B5E853B22297F90100DFECC3 /* UIView+constraints.swift */,
				B508C5A7229C082E00CE00CB /* UIView+orientation.swift */,
				B508C5A12299C5B500CE00CB /* UIView+springy.swift */,
				B508C5A5229AA10600CE00CB /* UIViewController+subcontroller.swift */,
			);
			path = Extensions;
			sourceTree = "<group>";
		};
		B5F165AD2274AE3E00789DC3 /* Brown October Tests */ = {
			isa = PBXGroup;
			children = (
				B5F165B02274AE3E00789DC3 /* Info.plist */,
				B5BC3F6122B4EF8A0044C03D /* ArrangedPoopTests.swift */,
				B5994B03227726D4001999AE /* BoardTests.swift */,
				B5F165B62274AEF300789DC3 /* ComputerPlayerTests.swift */,
				B5DE594E22B2613D009EE711 /* DirectionTests.swift */,
				B5E853BA2297FE8400DFECC3 /* GameOverViewControllerTests.swift */,
				B5DE595022B28D74009EE711 /* GridTests.swift */,
				B5A414FF2312C12A00B6438A /* GridUIButtonTest.swift */,
				B5994B0522777EB9001999AE /* GridUtilityTests.swift */,
				B5A3B58F22B1241800F445A6 /* OffsetPoopTests.swift */,
			);
			path = "Brown October Tests";
			sourceTree = "<group>";
		};
		B5F64242229DD45500734B5E /* GameLogic */ = {
			isa = PBXGroup;
			children = (
				B5DE595622B3AFAA009EE711 /* ArrangedPoop.swift */,
				B5291ED122689C6D002C49B0 /* BrownOctober.swift */,
				B5291ED9226F3C88002C49B0 /* ComputerPlayer.swift */,
				B5A3B58922AF9ECC00F445A6 /* Direction.swift */,
				B5A3B58D22B123F400F445A6 /* OffsetPoop.swift */,
				B5291ED522689DC7002C49B0 /* Poop.swift */,
				B5291ED322689C98002C49B0 /* Tile.swift */,
			);
			path = GameLogic;
			sourceTree = "<group>";
		};
		B5F64243229DD5FC00734B5E /* GameSetup */ = {
			isa = PBXGroup;
			children = (
				B534FD5622BF7F16000B125E /* BoardSetupViewController.swift */,
				B56EAC19230ADC0B0049650A /* BoardSetupViewController+gridbutton.swift */,
				B534FD5822BF7FA5000B125E /* BoardSetupUIView.swift */,
				B56EAC0B2309D2620049650A /* Dragger.swift */,
				B56EAC0D2309D2920049650A /* DragRecord.swift */,
				B5B8DC9E229440C100A9E74A /* GameSetupViewController.swift */,
				B50BA00D229970D700C1F418 /* GameSetupUIView.swift */,
			);
			path = GameSetup;
			sourceTree = "<group>";
		};
		B5F64244229DD60700734B5E /* GamePlay */ = {
			isa = PBXGroup;
			children = (
				B5B74CEC227DDA6A00E07826 /* GameViewController.swift */,
				B56EAC1B230ADC610049650A /* GameViewController+playerturn.swift */,
				B56EAC1D230ADC740049650A /* GameViewController+newgame.swift */,
				B5AF4DC62285D338008D8791 /* PlayerViewController.swift */,
				B56EAC15230ADB0B0049650A /* PlayerViewController+gridbutton.swift */,
				B56EAC17230ADB4C0049650A /* PlayerViewController+solvegame.swift */,
				B5AF4DC0228314E6008D8791 /* PlayerUIView.swift */,
			);
			path = GamePlay;
			sourceTree = "<group>";
		};
		B5F64245229DD63300734B5E /* GameOver */ = {
			isa = PBXGroup;
			children = (
				B50B9FF3229804D100C1F418 /* GameOverViewController.swift */,
				B5E853AF2297F47500DFECC3 /* GameOverUIView.swift */,
			);
			path = GameOver;
			sourceTree = "<group>";
		};
		B5F64246229DD67200734B5E /* Shared */ = {
			isa = PBXGroup;
			children = (
				B503D1AF228022840008CE95 /* BoardUIView.swift */,
				B50B78C522A45E2900B9FF44 /* BoardDecorator.swift */,
				B51B6EA7228081FB00CEBDDC /* GridUIButton.swift */,
				B56EAC0F230ABC920049650A /* GridUIButton+draggable.swift */,
				B56EAC11230AC46B0049650A /* GridUIButton+touchable.swift */,
				B56EAC13230AC4730049650A /* GridUIButton+valuable.swift */,
				B5B74CE8227DD82600E07826 /* GridUIStackView.swift */,
				B51B6EA1228032E400CEBDDC /* PoopUIView.swift */,
				B51B6EA5228066A900CEBDDC /* ScoreUIView.swift */,
				B51B6EA922809DEE00CEBDDC /* ScoreUILabel.swift */,
				B534FD5A22BFA5C1000B125E /* SquareUIView.swift */,
			);
			path = Shared;
			sourceTree = "<group>";
		};
/* End PBXGroup section */

/* Begin PBXNativeTarget section */
		B50B9FFC22981DD000C1F418 /* Brown OctoberUITests */ = {
			isa = PBXNativeTarget;
			buildConfigurationList = B50BA00422981DD000C1F418 /* Build configuration list for PBXNativeTarget "Brown OctoberUITests" */;
			buildPhases = (
				B50B9FF922981DD000C1F418 /* Sources */,
				B50B9FFA22981DD000C1F418 /* Frameworks */,
				B50B9FFB22981DD000C1F418 /* Resources */,
			);
			buildRules = (
			);
			dependencies = (
				B50BA00322981DD000C1F418 /* PBXTargetDependency */,
			);
			name = "Brown OctoberUITests";
			productName = "Brown OctoberUITests";
			productReference = B50B9FFD22981DD000C1F418 /* Brown OctoberUITests.xctest */;
			productType = "com.apple.product-type.bundle.ui-testing";
		};
		B5AA7364225CC7C1008AAEA2 /* Brown October */ = {
			isa = PBXNativeTarget;
			buildConfigurationList = B5AA7377225CC7C3008AAEA2 /* Build configuration list for PBXNativeTarget "Brown October" */;
			buildPhases = (
				287EF8E7894C10E8E82C3FFF /* [CP] Check Pods Manifest.lock */,
				B5AA7361225CC7C1008AAEA2 /* Sources */,
				B5AA7362225CC7C1008AAEA2 /* Frameworks */,
				B5AA7363225CC7C1008AAEA2 /* Resources */,
				B56EAC35230D83310049650A /* ShellScript */,
			);
			buildRules = (
			);
			dependencies = (
			);
			name = "Brown October";
			productName = "Brown October";
			productReference = B5AA7365225CC7C1008AAEA2 /* Brown October.app */;
			productType = "com.apple.product-type.application";
		};
		B5F165AB2274AE3E00789DC3 /* Brown October Tests */ = {
			isa = PBXNativeTarget;
			buildConfigurationList = B5F165B52274AE3E00789DC3 /* Build configuration list for PBXNativeTarget "Brown October Tests" */;
			buildPhases = (
				B5F165A82274AE3E00789DC3 /* Sources */,
				B5F165A92274AE3E00789DC3 /* Frameworks */,
				B5F165AA2274AE3E00789DC3 /* Resources */,
			);
			buildRules = (
			);
			dependencies = (
				B5A3B58822AF87C700F445A6 /* PBXTargetDependency */,
			);
			name = "Brown October Tests";
			productName = "Brown October Tests";
			productReference = B5F165AC2274AE3E00789DC3 /* Brown October Tests.xctest */;
			productType = "com.apple.product-type.bundle.unit-test";
		};
/* End PBXNativeTarget section */

/* Begin PBXProject section */
		B5AA735D225CC7C1008AAEA2 /* Project object */ = {
			isa = PBXProject;
			attributes = {
				LastSwiftUpdateCheck = 1020;
				LastUpgradeCheck = 0940;
				ORGANIZATIONNAME = "Benjamin Lewis";
				TargetAttributes = {
					B50B9FFC22981DD000C1F418 = {
						CreatedOnToolsVersion = 10.2.1;
						TestTargetID = B5AA7364225CC7C1008AAEA2;
					};
					B5AA7364225CC7C1008AAEA2 = {
						CreatedOnToolsVersion = 9.4.1;
						LastSwiftMigration = 1020;
					};
					B5F165AB2274AE3E00789DC3 = {
						CreatedOnToolsVersion = 9.4.1;
						LastSwiftMigration = 1020;
						TestTargetID = B5AA7364225CC7C1008AAEA2;
					};
				};
			};
			buildConfigurationList = B5AA7360225CC7C1008AAEA2 /* Build configuration list for PBXProject "Brown October" */;
			compatibilityVersion = "Xcode 9.3";
			developmentRegion = en;
			hasScannedForEncodings = 0;
			knownRegions = (
				en,
				Base,
			);
			mainGroup = B5AA735C225CC7C1008AAEA2;
			productRefGroup = B5AA7366225CC7C1008AAEA2 /* Products */;
			projectDirPath = "";
			projectRoot = "";
			targets = (
				B5AA7364225CC7C1008AAEA2 /* Brown October */,
				B5F165AB2274AE3E00789DC3 /* Brown October Tests */,
				B50B9FFC22981DD000C1F418 /* Brown OctoberUITests */,
			);
		};
/* End PBXProject section */

/* Begin PBXResourcesBuildPhase section */
		B50B9FFB22981DD000C1F418 /* Resources */ = {
			isa = PBXResourcesBuildPhase;
			buildActionMask = 2147483647;
			files = (
			);
			runOnlyForDeploymentPostprocessing = 0;
		};
		B5AA7363225CC7C1008AAEA2 /* Resources */ = {
			isa = PBXResourcesBuildPhase;
			buildActionMask = 2147483647;
			files = (
				B5AA7373225CC7C3008AAEA2 /* LaunchScreen.storyboard in Resources */,
				B5AA7370225CC7C3008AAEA2 /* Assets.xcassets in Resources */,
			);
			runOnlyForDeploymentPostprocessing = 0;
		};
		B5F165AA2274AE3E00789DC3 /* Resources */ = {
			isa = PBXResourcesBuildPhase;
			buildActionMask = 2147483647;
			files = (
			);
			runOnlyForDeploymentPostprocessing = 0;
		};
/* End PBXResourcesBuildPhase section */

/* Begin PBXShellScriptBuildPhase section */
		287EF8E7894C10E8E82C3FFF /* [CP] Check Pods Manifest.lock */ = {
			isa = PBXShellScriptBuildPhase;
			buildActionMask = 2147483647;
			files = (
			);
			inputFileListPaths = (
			);
			inputPaths = (
				"${PODS_PODFILE_DIR_PATH}/Podfile.lock",
				"${PODS_ROOT}/Manifest.lock",
			);
			name = "[CP] Check Pods Manifest.lock";
			outputFileListPaths = (
			);
			outputPaths = (
				"$(DERIVED_FILE_DIR)/Pods-Brown October-checkManifestLockResult.txt",
			);
			runOnlyForDeploymentPostprocessing = 0;
			shellPath = /bin/sh;
			shellScript = "diff \"${PODS_PODFILE_DIR_PATH}/Podfile.lock\" \"${PODS_ROOT}/Manifest.lock\" > /dev/null\nif [ $? != 0 ] ; then\n    # print error to STDERR\n    echo \"error: The sandbox is not in sync with the Podfile.lock. Run 'pod install' or update your CocoaPods installation.\" >&2\n    exit 1\nfi\n# This output is used by Xcode 'outputs' to avoid re-running this script phase.\necho \"SUCCESS\" > \"${SCRIPT_OUTPUT_FILE_0}\"\n";
			showEnvVarsInLog = 0;
		};
		B56EAC35230D83310049650A /* ShellScript */ = {
			isa = PBXShellScriptBuildPhase;
			buildActionMask = 2147483647;
			files = (
			);
			inputFileListPaths = (
			);
			inputPaths = (
			);
			outputFileListPaths = (
			);
			outputPaths = (
			);
			runOnlyForDeploymentPostprocessing = 0;
			shellPath = /bin/sh;
			shellScript = "if which swiftlint >/dev/null; then\n  swiftlint\nelse\n  echo \"warning: SwiftLint not installed, download from https://github.com/realm/SwiftLint\"\nfi\n";
		};
/* End PBXShellScriptBuildPhase section */

/* Begin PBXSourcesBuildPhase section */
		B50B9FF922981DD000C1F418 /* Sources */ = {
			isa = PBXSourcesBuildPhase;
			buildActionMask = 2147483647;
			files = (
				B50BA018229982CD00C1F418 /* XCTestCase+screenshot.swift in Sources */,
				B508C5A4229A9C2200CE00CB /* GamePlayUITests.swift in Sources */,
				B50BA00822981E0A00C1F418 /* GameOverUITests.swift in Sources */,
				B50BA0142299745700C1F418 /* GameSetupUITests.swift in Sources */,
			);
			runOnlyForDeploymentPostprocessing = 0;
		};
		B5AA7361225CC7C1008AAEA2 /* Sources */ = {
			isa = PBXSourcesBuildPhase;
			buildActionMask = 2147483647;
			files = (
				B534FD7222C37D84000B125E /* SolveGameDelegate.swift in Sources */,
				B51B6EA2228032E400CEBDDC /* PoopUIView.swift in Sources */,
				B534FD6C22C37CF3000B125E /* GridButtonDragDelegate.swift in Sources */,
				B50B78C822A45E5300B9FF44 /* UIColor+poops.swift in Sources */,
				B534FD6022C376AE000B125E /* OffsetableProtocol.swift in Sources */,
				B56EAC0C2309D2620049650A /* Dragger.swift in Sources */,
				B53399F422A19A1800E9E7D5 /* AppCoordinator.swift in Sources */,
				B534FD5722BF7F16000B125E /* BoardSetupViewController.swift in Sources */,
				B56EAC0E2309D2920049650A /* DragRecord.swift in Sources */,
				B56EAC1A230ADC0B0049650A /* BoardSetupViewController+gridbutton.swift in Sources */,
				B508C5A6229AA10600CE00CB /* UIViewController+subcontroller.swift in Sources */,
				B5DE595722B3AFAA009EE711 /* ArrangedPoop.swift in Sources */,
				B534FD6E22C37D14000B125E /* GridViewProtocol.swift in Sources */,
				B534FD5922BF7FA5000B125E /* BoardSetupUIView.swift in Sources */,
				B56EAC18230ADB4C0049650A /* PlayerViewController+solvegame.swift in Sources */,
				B53399F022A1974F00E9E7D5 /* Coordinator.swift in Sources */,
				B5A3B58E22B123F400F445A6 /* OffsetPoop.swift in Sources */,
				B534FD6222C376F2000B125E /* PlayerTurnDelegate.swift in Sources */,
				B5B74CED227DDA6A00E07826 /* GameViewController.swift in Sources */,
				B534FD6A22C37CE0000B125E /* GridButtonDelegate.swift in Sources */,
				B50B78C622A45E2900B9FF44 /* BoardDecorator.swift in Sources */,
				B5B8DC9F229440C100A9E74A /* GameSetupViewController.swift in Sources */,
				B5291ED222689C6D002C49B0 /* BrownOctober.swift in Sources */,
				B5E853B32297F90100DFECC3 /* UIView+constraints.swift in Sources */,
				B5291ED422689C98002C49B0 /* Tile.swift in Sources */,
				B534FD7022C37D74000B125E /* NewGameDelegate.swift in Sources */,
				B5A3B58A22AF9ECC00F445A6 /* Direction.swift in Sources */,
				B50B9FF4229804D100C1F418 /* GameOverViewController.swift in Sources */,
				B508C5A8229C082E00CE00CB /* UIView+orientation.swift in Sources */,
				B5AA7369225CC7C1008AAEA2 /* AppDelegate.swift in Sources */,
				B534FD6822C37B30000B125E /* ButtonProtocols.swift in Sources */,
				B534FD5B22BFA5C1000B125E /* SquareUIView.swift in Sources */,
				B51B6EA6228066A900CEBDDC /* ScoreUIView.swift in Sources */,
				B56EAC16230ADB0B0049650A /* PlayerViewController+gridbutton.swift in Sources */,
				B534FD6422C37716000B125E /* BoardViewProtocol.swift in Sources */,
				B534FD5E22C37684000B125E /* RotatableProtocol.swift in Sources */,
				B51B6EA8228081FB00CEBDDC /* GridUIButton.swift in Sources */,
				B5E853B02297F47500DFECC3 /* GameOverUIView.swift in Sources */,
				B5AF4DC72285D338008D8791 /* PlayerViewController.swift in Sources */,
				B5291ED622689DC7002C49B0 /* Poop.swift in Sources */,
				B508C5A22299C5B500CE00CB /* UIView+springy.swift in Sources */,
				B5AF4DC1228314E6008D8791 /* PlayerUIView.swift in Sources */,
				B515084C22958F9D0011F5D1 /* UserData.swift in Sources */,
				B53399F622A1BA6500E9E7D5 /* AppViewController.swift in Sources */,
				B56EAC1C230ADC610049650A /* GameViewController+playerturn.swift in Sources */,
				B56EAC12230AC46B0049650A /* GridUIButton+touchable.swift in Sources */,
				B56EAC1E230ADC740049650A /* GameViewController+newgame.swift in Sources */,
				B56EAC14230AC4730049650A /* GridUIButton+valuable.swift in Sources */,
				B51B6EAA22809DEE00CEBDDC /* ScoreUILabel.swift in Sources */,
				B5291EDA226F3C88002C49B0 /* ComputerPlayer.swift in Sources */,
				B5F165A72271C15400789DC3 /* GridUtility.swift in Sources */,
				B50BA00E229970D700C1F418 /* GameSetupUIView.swift in Sources */,
				B503D1B0228022840008CE95 /* BoardUIView.swift in Sources */,
				B56EAC10230ABC920049650A /* GridUIButton+draggable.swift in Sources */,
				B51B6EAD2280F39000CEBDDC /* String+whitespace.swift in Sources */,
				B5B74CE9227DD82600E07826 /* GridUIStackView.swift in Sources */,
			);
			runOnlyForDeploymentPostprocessing = 0;
		};
		B5F165A82274AE3E00789DC3 /* Sources */ = {
			isa = PBXSourcesBuildPhase;
			buildActionMask = 2147483647;
			files = (
				B5E853BB2297FE8400DFECC3 /* GameOverViewControllerTests.swift in Sources */,
				B5994B0622777EB9001999AE /* GridUtilityTests.swift in Sources */,
				B5A3B59022B1241800F445A6 /* OffsetPoopTests.swift in Sources */,
				B5DE595122B28D74009EE711 /* GridTests.swift in Sources */,
				B5DE594F22B2613D009EE711 /* DirectionTests.swift in Sources */,
				B5F165B72274AEF300789DC3 /* ComputerPlayerTests.swift in Sources */,
				B5994B04227726D4001999AE /* BoardTests.swift in Sources */,
				B5BC3F6222B4EF8A0044C03D /* ArrangedPoopTests.swift in Sources */,
				B5A415002312C12A00B6438A /* GridUIButtonTest.swift in Sources */,
			);
			runOnlyForDeploymentPostprocessing = 0;
		};
/* End PBXSourcesBuildPhase section */

/* Begin PBXTargetDependency section */
		B50BA00322981DD000C1F418 /* PBXTargetDependency */ = {
			isa = PBXTargetDependency;
			target = B5AA7364225CC7C1008AAEA2 /* Brown October */;
			targetProxy = B50BA00222981DD000C1F418 /* PBXContainerItemProxy */;
		};
		B5A3B58822AF87C700F445A6 /* PBXTargetDependency */ = {
			isa = PBXTargetDependency;
			target = B5AA7364225CC7C1008AAEA2 /* Brown October */;
			targetProxy = B5A3B58722AF87C700F445A6 /* PBXContainerItemProxy */;
		};
/* End PBXTargetDependency section */

/* Begin PBXVariantGroup section */
		B5AA7371225CC7C3008AAEA2 /* LaunchScreen.storyboard */ = {
			isa = PBXVariantGroup;
			children = (
				B5AA7372225CC7C3008AAEA2 /* Base */,
			);
			name = LaunchScreen.storyboard;
			sourceTree = "<group>";
		};
/* End PBXVariantGroup section */

/* Begin XCBuildConfiguration section */
		B50BA00522981DD000C1F418 /* Debug */ = {
			isa = XCBuildConfiguration;
			buildSettings = {
				CODE_SIGN_STYLE = Automatic;
				DEVELOPMENT_TEAM = SSTDKCYHQ9;
				INFOPLIST_FILE = "Brown OctoberUITests/Info.plist";
				IPHONEOS_DEPLOYMENT_TARGET = 12.2;
				LD_RUNPATH_SEARCH_PATHS = (
					"$(inherited)",
					"@executable_path/Frameworks",
					"@loader_path/Frameworks",
				);
				MTL_ENABLE_DEBUG_INFO = INCLUDE_SOURCE;
				MTL_FAST_MATH = YES;
				PRODUCT_BUNDLE_IDENTIFIER = "inhouse23.Brown-OctoberUITests";
				PRODUCT_NAME = "$(TARGET_NAME)";
				SWIFT_VERSION = 5.0;
				TARGETED_DEVICE_FAMILY = "1,2";
				TEST_TARGET_NAME = "Brown October";
			};
			name = Debug;
		};
		B50BA00622981DD000C1F418 /* Release */ = {
			isa = XCBuildConfiguration;
			buildSettings = {
				CODE_SIGN_STYLE = Automatic;
				DEVELOPMENT_TEAM = SSTDKCYHQ9;
				INFOPLIST_FILE = "Brown OctoberUITests/Info.plist";
				IPHONEOS_DEPLOYMENT_TARGET = 12.2;
				LD_RUNPATH_SEARCH_PATHS = (
					"$(inherited)",
					"@executable_path/Frameworks",
					"@loader_path/Frameworks",
				);
				MTL_FAST_MATH = YES;
				PRODUCT_BUNDLE_IDENTIFIER = "inhouse23.Brown-OctoberUITests";
				PRODUCT_NAME = "$(TARGET_NAME)";
				SWIFT_VERSION = 5.0;
				TARGETED_DEVICE_FAMILY = "1,2";
				TEST_TARGET_NAME = "Brown October";
			};
			name = Release;
		};
		B5AA7375225CC7C3008AAEA2 /* Debug */ = {
			isa = XCBuildConfiguration;
			buildSettings = {
				ALWAYS_SEARCH_USER_PATHS = NO;
				CLANG_ANALYZER_NONNULL = YES;
				CLANG_ANALYZER_NUMBER_OBJECT_CONVERSION = YES_AGGRESSIVE;
				CLANG_CXX_LANGUAGE_STANDARD = "gnu++14";
				CLANG_CXX_LIBRARY = "libc++";
				CLANG_ENABLE_MODULES = YES;
				CLANG_ENABLE_OBJC_ARC = YES;
				CLANG_ENABLE_OBJC_WEAK = YES;
				CLANG_WARN_BLOCK_CAPTURE_AUTORELEASING = YES;
				CLANG_WARN_BOOL_CONVERSION = YES;
				CLANG_WARN_COMMA = YES;
				CLANG_WARN_CONSTANT_CONVERSION = YES;
				CLANG_WARN_DEPRECATED_OBJC_IMPLEMENTATIONS = YES;
				CLANG_WARN_DIRECT_OBJC_ISA_USAGE = YES_ERROR;
				CLANG_WARN_DOCUMENTATION_COMMENTS = YES;
				CLANG_WARN_EMPTY_BODY = YES;
				CLANG_WARN_ENUM_CONVERSION = YES;
				CLANG_WARN_INFINITE_RECURSION = YES;
				CLANG_WARN_INT_CONVERSION = YES;
				CLANG_WARN_NON_LITERAL_NULL_CONVERSION = YES;
				CLANG_WARN_OBJC_IMPLICIT_RETAIN_SELF = YES;
				CLANG_WARN_OBJC_LITERAL_CONVERSION = YES;
				CLANG_WARN_OBJC_ROOT_CLASS = YES_ERROR;
				CLANG_WARN_RANGE_LOOP_ANALYSIS = YES;
				CLANG_WARN_STRICT_PROTOTYPES = YES;
				CLANG_WARN_SUSPICIOUS_MOVE = YES;
				CLANG_WARN_UNGUARDED_AVAILABILITY = YES_AGGRESSIVE;
				CLANG_WARN_UNREACHABLE_CODE = YES;
				CLANG_WARN__DUPLICATE_METHOD_MATCH = YES;
				CODE_SIGN_IDENTITY = "iPhone Developer";
				COPY_PHASE_STRIP = NO;
				DEBUG_INFORMATION_FORMAT = dwarf;
				ENABLE_STRICT_OBJC_MSGSEND = YES;
				ENABLE_TESTABILITY = YES;
				GCC_C_LANGUAGE_STANDARD = gnu11;
				GCC_DYNAMIC_NO_PIC = NO;
				GCC_NO_COMMON_BLOCKS = YES;
				GCC_OPTIMIZATION_LEVEL = 0;
				GCC_PREPROCESSOR_DEFINITIONS = (
					"DEBUG=1",
					"$(inherited)",
				);
				GCC_WARN_64_TO_32_BIT_CONVERSION = YES;
				GCC_WARN_ABOUT_RETURN_TYPE = YES_ERROR;
				GCC_WARN_UNDECLARED_SELECTOR = YES;
				GCC_WARN_UNINITIALIZED_AUTOS = YES_AGGRESSIVE;
				GCC_WARN_UNUSED_FUNCTION = YES;
				GCC_WARN_UNUSED_VARIABLE = YES;
				IPHONEOS_DEPLOYMENT_TARGET = 11.4;
				MTL_ENABLE_DEBUG_INFO = YES;
				ONLY_ACTIVE_ARCH = YES;
				SDKROOT = iphoneos;
				SWIFT_ACTIVE_COMPILATION_CONDITIONS = DEBUG;
				SWIFT_OPTIMIZATION_LEVEL = "-Onone";
			};
			name = Debug;
		};
		B5AA7376225CC7C3008AAEA2 /* Release */ = {
			isa = XCBuildConfiguration;
			buildSettings = {
				ALWAYS_SEARCH_USER_PATHS = NO;
				CLANG_ANALYZER_NONNULL = YES;
				CLANG_ANALYZER_NUMBER_OBJECT_CONVERSION = YES_AGGRESSIVE;
				CLANG_CXX_LANGUAGE_STANDARD = "gnu++14";
				CLANG_CXX_LIBRARY = "libc++";
				CLANG_ENABLE_MODULES = YES;
				CLANG_ENABLE_OBJC_ARC = YES;
				CLANG_ENABLE_OBJC_WEAK = YES;
				CLANG_WARN_BLOCK_CAPTURE_AUTORELEASING = YES;
				CLANG_WARN_BOOL_CONVERSION = YES;
				CLANG_WARN_COMMA = YES;
				CLANG_WARN_CONSTANT_CONVERSION = YES;
				CLANG_WARN_DEPRECATED_OBJC_IMPLEMENTATIONS = YES;
				CLANG_WARN_DIRECT_OBJC_ISA_USAGE = YES_ERROR;
				CLANG_WARN_DOCUMENTATION_COMMENTS = YES;
				CLANG_WARN_EMPTY_BODY = YES;
				CLANG_WARN_ENUM_CONVERSION = YES;
				CLANG_WARN_INFINITE_RECURSION = YES;
				CLANG_WARN_INT_CONVERSION = YES;
				CLANG_WARN_NON_LITERAL_NULL_CONVERSION = YES;
				CLANG_WARN_OBJC_IMPLICIT_RETAIN_SELF = YES;
				CLANG_WARN_OBJC_LITERAL_CONVERSION = YES;
				CLANG_WARN_OBJC_ROOT_CLASS = YES_ERROR;
				CLANG_WARN_RANGE_LOOP_ANALYSIS = YES;
				CLANG_WARN_STRICT_PROTOTYPES = YES;
				CLANG_WARN_SUSPICIOUS_MOVE = YES;
				CLANG_WARN_UNGUARDED_AVAILABILITY = YES_AGGRESSIVE;
				CLANG_WARN_UNREACHABLE_CODE = YES;
				CLANG_WARN__DUPLICATE_METHOD_MATCH = YES;
				CODE_SIGN_IDENTITY = "iPhone Developer";
				COPY_PHASE_STRIP = NO;
				DEBUG_INFORMATION_FORMAT = "dwarf-with-dsym";
				ENABLE_NS_ASSERTIONS = NO;
				ENABLE_STRICT_OBJC_MSGSEND = YES;
				GCC_C_LANGUAGE_STANDARD = gnu11;
				GCC_NO_COMMON_BLOCKS = YES;
				GCC_WARN_64_TO_32_BIT_CONVERSION = YES;
				GCC_WARN_ABOUT_RETURN_TYPE = YES_ERROR;
				GCC_WARN_UNDECLARED_SELECTOR = YES;
				GCC_WARN_UNINITIALIZED_AUTOS = YES_AGGRESSIVE;
				GCC_WARN_UNUSED_FUNCTION = YES;
				GCC_WARN_UNUSED_VARIABLE = YES;
				IPHONEOS_DEPLOYMENT_TARGET = 11.4;
				MTL_ENABLE_DEBUG_INFO = NO;
				SDKROOT = iphoneos;
				SWIFT_COMPILATION_MODE = wholemodule;
				SWIFT_OPTIMIZATION_LEVEL = "-O";
				VALIDATE_PRODUCT = YES;
			};
			name = Release;
		};
		B5AA7378225CC7C3008AAEA2 /* Debug */ = {
			isa = XCBuildConfiguration;
			baseConfigurationReference = 5257149BE4B67BEFE937C81A /* Pods-Brown October.debug.xcconfig */;
			buildSettings = {
				ASSETCATALOG_COMPILER_APPICON_NAME = AppIcon;
				CODE_SIGN_IDENTITY = "iPhone Developer";
				CODE_SIGN_STYLE = Automatic;
				DEVELOPMENT_TEAM = SSTDKCYHQ9;
				INFOPLIST_FILE = "$(SRCROOT)/Brown October/Info.plist";
				IPHONEOS_DEPLOYMENT_TARGET = 11.4;
				LD_RUNPATH_SEARCH_PATHS = (
					"$(inherited)",
					"@executable_path/Frameworks",
				);
				PRODUCT_BUNDLE_IDENTIFIER = "inhouse23.Brown-October";
				PRODUCT_NAME = "$(TARGET_NAME)";
				PROVISIONING_PROFILE_SPECIFIER = "";
				SWIFT_VERSION = 5.0;
				TARGETED_DEVICE_FAMILY = "1,2";
			};
			name = Debug;
		};
		B5AA7379225CC7C3008AAEA2 /* Release */ = {
			isa = XCBuildConfiguration;
			baseConfigurationReference = C690758C61B60C1B0564E24E /* Pods-Brown October.release.xcconfig */;
			buildSettings = {
				ASSETCATALOG_COMPILER_APPICON_NAME = AppIcon;
				CODE_SIGN_IDENTITY = "iPhone Developer";
				CODE_SIGN_STYLE = Automatic;
				DEVELOPMENT_TEAM = SSTDKCYHQ9;
				INFOPLIST_FILE = "$(SRCROOT)/Brown October/Info.plist";
				IPHONEOS_DEPLOYMENT_TARGET = 11.4;
				LD_RUNPATH_SEARCH_PATHS = (
					"$(inherited)",
					"@executable_path/Frameworks",
				);
				PRODUCT_BUNDLE_IDENTIFIER = "inhouse23.Brown-October";
				PRODUCT_NAME = "$(TARGET_NAME)";
				PROVISIONING_PROFILE_SPECIFIER = "";
				SWIFT_VERSION = 5.0;
				TARGETED_DEVICE_FAMILY = "1,2";
			};
			name = Release;
		};
		B5F165B32274AE3E00789DC3 /* Debug */ = {
			isa = XCBuildConfiguration;
			buildSettings = {
				BUNDLE_LOADER = "$(TEST_HOST)";
				CODE_SIGN_STYLE = Automatic;
				DEVELOPMENT_TEAM = SSTDKCYHQ9;
				INFOPLIST_FILE = "Brown October Tests/Info.plist";
				LD_RUNPATH_SEARCH_PATHS = (
					"$(inherited)",
					"@executable_path/Frameworks",
					"@loader_path/Frameworks",
				);
				PRODUCT_BUNDLE_IDENTIFIER = "inhouse23.Brown-October-Tests";
				PRODUCT_NAME = "$(TARGET_NAME)";
				SWIFT_VERSION = 5.0;
				TARGETED_DEVICE_FAMILY = "1,2";
				TEST_HOST = "$(BUILT_PRODUCTS_DIR)/Brown October.app/Brown October";
			};
			name = Debug;
		};
		B5F165B42274AE3E00789DC3 /* Release */ = {
			isa = XCBuildConfiguration;
			buildSettings = {
				BUNDLE_LOADER = "$(TEST_HOST)";
				CODE_SIGN_STYLE = Automatic;
				DEVELOPMENT_TEAM = SSTDKCYHQ9;
				INFOPLIST_FILE = "Brown October Tests/Info.plist";
				LD_RUNPATH_SEARCH_PATHS = (
					"$(inherited)",
					"@executable_path/Frameworks",
					"@loader_path/Frameworks",
				);
				PRODUCT_BUNDLE_IDENTIFIER = "inhouse23.Brown-October-Tests";
				PRODUCT_NAME = "$(TARGET_NAME)";
				SWIFT_VERSION = 5.0;
				TARGETED_DEVICE_FAMILY = "1,2";
				TEST_HOST = "$(BUILT_PRODUCTS_DIR)/Brown October.app/Brown October";
			};
			name = Release;
		};
/* End XCBuildConfiguration section */

/* Begin XCConfigurationList section */
		B50BA00422981DD000C1F418 /* Build configuration list for PBXNativeTarget "Brown OctoberUITests" */ = {
			isa = XCConfigurationList;
			buildConfigurations = (
				B50BA00522981DD000C1F418 /* Debug */,
				B50BA00622981DD000C1F418 /* Release */,
			);
			defaultConfigurationIsVisible = 0;
			defaultConfigurationName = Release;
		};
		B5AA7360225CC7C1008AAEA2 /* Build configuration list for PBXProject "Brown October" */ = {
			isa = XCConfigurationList;
			buildConfigurations = (
				B5AA7375225CC7C3008AAEA2 /* Debug */,
				B5AA7376225CC7C3008AAEA2 /* Release */,
			);
			defaultConfigurationIsVisible = 0;
			defaultConfigurationName = Release;
		};
		B5AA7377225CC7C3008AAEA2 /* Build configuration list for PBXNativeTarget "Brown October" */ = {
			isa = XCConfigurationList;
			buildConfigurations = (
				B5AA7378225CC7C3008AAEA2 /* Debug */,
				B5AA7379225CC7C3008AAEA2 /* Release */,
			);
			defaultConfigurationIsVisible = 0;
			defaultConfigurationName = Release;
		};
		B5F165B52274AE3E00789DC3 /* Build configuration list for PBXNativeTarget "Brown October Tests" */ = {
			isa = XCConfigurationList;
			buildConfigurations = (
				B5F165B32274AE3E00789DC3 /* Debug */,
				B5F165B42274AE3E00789DC3 /* Release */,
			);
			defaultConfigurationIsVisible = 0;
			defaultConfigurationName = Release;
		};
/* End XCConfigurationList section */
	};
	rootObject = B5AA735D225CC7C1008AAEA2 /* Project object */;
}
